
Microsoft Visual Studio Solution File, Format Version 12.00
# Visual Studio 15
VisualStudioVersion = 15.0.27703.2035
MinimumVisualStudioVersion = 10.0.40219.1
Project("{FAE04EC0-301F-11D3-BF4B-00C04F79EFBC}") = "ClassLibrary1", "ClassLibrary1\ClassLibrary1.csproj", "{BA62309E-C7D7-4CE7-80E6-8EA3A9681B6F}"
EndProject
Global
	GlobalSection(SolutionConfigurationPlatforms) = preSolution
		Debug|Any CPU = Debug|Any CPU
		Release|Any CPU = Release|Any CPU
	EndGlobalSection
	GlobalSection(ProjectConfigurationPlatforms) = postSolution
		{BA62309E-C7D7-4CE7-80E6-8EA3A9681B6F}.Debug|Any CPU.ActiveCfg = Debug|Any CPU
		{BA62309E-C7D7-4CE7-80E6-8EA3A9681B6F}.Debug|Any CPU.Build.0 = Debug|Any CPU
		{BA62309E-C7D7-4CE7-80E6-8EA3A9681B6F}.Release|Any CPU.ActiveCfg = Release|Any CPU
		{BA62309E-C7D7-4CE7-80E6-8EA3A9681B6F}.Release|Any CPU.Build.0 = Release|Any CPU
	EndGlobalSection
	GlobalSection(SolutionProperties) = preSolution
		HideSolutionNode = FALSE
	EndGlobalSection
	GlobalSection(ExtensibilityGlobals) = postSolution
		SolutionGuid = {6E56B64A-F96B-416F-A0F6-9ADA76022DAD}
	EndGlobalSection
EndGlobal
